
Microsoft Visual Studio Solution File, Format Version 12.00
# Visual Studio Version 17
VisualStudioVersion = 17.3.32922.545
MinimumVisualStudioVersion = 10.0.40219.1
Project("{FAE04EC0-301F-11D3-BF4B-00C04F79EFBC}") = "BinarySearchTree_095", "BinarySearchTree_095\BinarySearchTree_095.csproj", "{802BF960-6439-4356-97C8-E19AC711E008}"
EndProject
Global
	GlobalSection(SolutionConfigurationPlatforms) = preSolution
		Debug|Any CPU = Debug|Any CPU
		Release|Any CPU = Release|Any CPU
	EndGlobalSection
	GlobalSection(ProjectConfigurationPlatforms) = postSolution
		{802BF960-6439-4356-97C8-E19AC711E008}.Debug|Any CPU.ActiveCfg = Debug|Any CPU
		{802BF960-6439-4356-97C8-E19AC711E008}.Debug|Any CPU.Build.0 = Debug|Any CPU
		{802BF960-6439-4356-97C8-E19AC711E008}.Release|Any CPU.ActiveCfg = Release|Any CPU
		{802BF960-6439-4356-97C8-E19AC711E008}.Release|Any CPU.Build.0 = Release|Any CPU
	EndGlobalSection
	GlobalSection(SolutionProperties) = preSolution
		HideSolutionNode = FALSE
	EndGlobalSection
	GlobalSection(ExtensibilityGlobals) = postSolution
		SolutionGuid = {84CA43C4-CD98-4EAA-AC82-AD87BAD74117}
	EndGlobalSection
EndGlobal
